// !$*UTF8*$!
{
	archiveVersion = 1;
	classes = {
	};
	objectVersion = 52;
	objects = {

/* Begin PBXBuildFile section */
		0A207EE621D62B7800BC7D7B /* AppDelegate.swift in Sources */ = {isa = PBXBuildFile; fileRef = 0A207EE521D62B7800BC7D7B /* AppDelegate.swift */; };
		0A207EEB21D62B7800BC7D7B /* Main.storyboard in Resources */ = {isa = PBXBuildFile; fileRef = 0A207EE921D62B7800BC7D7B /* Main.storyboard */; };
		0A207EED21D62B7900BC7D7B /* Assets.xcassets in Resources */ = {isa = PBXBuildFile; fileRef = 0A207EEC21D62B7900BC7D7B /* Assets.xcassets */; };
		0A207EF021D62B7900BC7D7B /* LaunchScreen.storyboard in Resources */ = {isa = PBXBuildFile; fileRef = 0A207EEE21D62B7900BC7D7B /* LaunchScreen.storyboard */; };
		0A207EFA21DCB9A000BC7D7B /* CamerasListViewController.swift in Sources */ = {isa = PBXBuildFile; fileRef = 0A207EF821DCB99F00BC7D7B /* CamerasListViewController.swift */; };
		0A207EFB21DCB9A000BC7D7B /* LoginViewController.swift in Sources */ = {isa = PBXBuildFile; fileRef = 0A207EF921DCB9A000BC7D7B /* LoginViewController.swift */; };
		0A207EFD21DCCFDC00BC7D7B /* AudioViewController.swift in Sources */ = {isa = PBXBuildFile; fileRef = 0A207EFC21DCCFDC00BC7D7B /* AudioViewController.swift */; };
		0A207EFF21DCCFE400BC7D7B /* MicrophoneData.swift in Sources */ = {isa = PBXBuildFile; fileRef = 0A207EFE21DCCFE400BC7D7B /* MicrophoneData.swift */; };
		0A207F0121DCD05300BC7D7B /* AudioManager.swift in Sources */ = {isa = PBXBuildFile; fileRef = 0A207F0021DCD05300BC7D7B /* AudioManager.swift */; };
		0A207F0721DCE53800BC7D7B /* Constants.swift in Sources */ = {isa = PBXBuildFile; fileRef = 0A207F0621DCE53800BC7D7B /* Constants.swift */; };
		5693371826301A030036CFCE /* CamerasParser.swift in Sources */ = {isa = PBXBuildFile; fileRef = 5693371626301A030036CFCE /* CamerasParser.swift */; };
		5693375026457F700036CFCE /* MIPSDKMobile.xcframework in Frameworks */ = {isa = PBXBuildFile; fileRef = 56B2745F25E63E0300169D9F /* MIPSDKMobile.xcframework */; };
		5693375126457F700036CFCE /* MIPSDKMobile.xcframework in Embed Frameworks */ = {isa = PBXBuildFile; fileRef = 56B2745F25E63E0300169D9F /* MIPSDKMobile.xcframework */; settings = {ATTRIBUTES = (CodeSignOnCopy, RemoveHeadersOnCopy, ); }; };
		56CBF7F6268DD7F400908550 /* ResponseItem.swift in Sources */ = {isa = PBXBuildFile; fileRef = 56CBF7F5268DD7F400908550 /* ResponseItem.swift */; };
		56CBF7F8268DDBE900908550 /* MicrophoneProperties.swift in Sources */ = {isa = PBXBuildFile; fileRef = 56CBF7F7268DDBE900908550 /* MicrophoneProperties.swift */; };
		56CBF7FA268DDC7E00908550 /* MicrophonePropertiesParser.swift in Sources */ = {isa = PBXBuildFile; fileRef = 56CBF7F9268DDC7E00908550 /* MicrophonePropertiesParser.swift */; };
/* End PBXBuildFile section */

/* Begin PBXCopyFilesBuildPhase section */
		566F09B9246D33B80054CCA3 /* Embed Frameworks */ = {
			isa = PBXCopyFilesBuildPhase;
			buildActionMask = 2147483647;
			dstPath = "";
			dstSubfolderSpec = 10;
			files = (
				5693375126457F700036CFCE /* MIPSDKMobile.xcframework in Embed Frameworks */,
			);
			name = "Embed Frameworks";
			runOnlyForDeploymentPostprocessing = 0;
		};
/* End PBXCopyFilesBuildPhase section */

/* Begin PBXFileReference section */
		0A207EE221D62B7800BC7D7B /* MobileSDKAudioSample.app */ = {isa = PBXFileReference; explicitFileType = wrapper.application; includeInIndex = 0; path = MobileSDKAudioSample.app; sourceTree = BUILT_PRODUCTS_DIR; };
		0A207EE521D62B7800BC7D7B /* AppDelegate.swift */ = {isa = PBXFileReference; lastKnownFileType = sourcecode.swift; path = AppDelegate.swift; sourceTree = "<group>"; };
		0A207EEA21D62B7800BC7D7B /* Base */ = {isa = PBXFileReference; lastKnownFileType = file.storyboard; name = Base; path = Base.lproj/Main.storyboard; sourceTree = "<group>"; };
		0A207EEC21D62B7900BC7D7B /* Assets.xcassets */ = {isa = PBXFileReference; lastKnownFileType = folder.assetcatalog; path = Assets.xcassets; sourceTree = "<group>"; };
		0A207EEF21D62B7900BC7D7B /* Base */ = {isa = PBXFileReference; lastKnownFileType = file.storyboard; name = Base; path = Base.lproj/LaunchScreen.storyboard; sourceTree = "<group>"; };
		0A207EF121D62B7900BC7D7B /* Info.plist */ = {isa = PBXFileReference; lastKnownFileType = text.plist.xml; path = Info.plist; sourceTree = "<group>"; };
		0A207EF821DCB99F00BC7D7B /* CamerasListViewController.swift */ = {isa = PBXFileReference; fileEncoding = 4; lastKnownFileType = sourcecode.swift; path = CamerasListViewController.swift; sourceTree = "<group>"; };
		0A207EF921DCB9A000BC7D7B /* LoginViewController.swift */ = {isa = PBXFileReference; fileEncoding = 4; lastKnownFileType = sourcecode.swift; path = LoginViewController.swift; sourceTree = "<group>"; };
		0A207EFC21DCCFDC00BC7D7B /* AudioViewController.swift */ = {isa = PBXFileReference; fileEncoding = 4; lastKnownFileType = sourcecode.swift; path = AudioViewController.swift; sourceTree = "<group>"; };
		0A207EFE21DCCFE400BC7D7B /* MicrophoneData.swift */ = {isa = PBXFileReference; fileEncoding = 4; lastKnownFileType = sourcecode.swift; path = MicrophoneData.swift; sourceTree = "<group>"; };
		0A207F0021DCD05300BC7D7B /* AudioManager.swift */ = {isa = PBXFileReference; fileEncoding = 4; lastKnownFileType = sourcecode.swift; path = AudioManager.swift; sourceTree = "<group>"; };
		0A207F0621DCE53800BC7D7B /* Constants.swift */ = {isa = PBXFileReference; fileEncoding = 4; lastKnownFileType = sourcecode.swift; path = Constants.swift; sourceTree = "<group>"; };
		5693371626301A030036CFCE /* CamerasParser.swift */ = {isa = PBXFileReference; fileEncoding = 4; lastKnownFileType = sourcecode.swift; path = CamerasParser.swift; sourceTree = "<group>"; };
		56B2745F25E63E0300169D9F /* MIPSDKMobile.xcframework */ = {isa = PBXFileReference; lastKnownFileType = wrapper.xcframework; name = MIPSDKMobile.xcframework; path = ../../lib/MIPSDKMobile.xcframework; sourceTree = "<group>"; };
		56CBF7F5268DD7F400908550 /* ResponseItem.swift */ = {isa = PBXFileReference; fileEncoding = 4; lastKnownFileType = sourcecode.swift; path = ResponseItem.swift; sourceTree = "<group>"; };
		56CBF7F7268DDBE900908550 /* MicrophoneProperties.swift */ = {isa = PBXFileReference; fileEncoding = 4; lastKnownFileType = sourcecode.swift; path = MicrophoneProperties.swift; sourceTree = "<group>"; };
		56CBF7F9268DDC7E00908550 /* MicrophonePropertiesParser.swift */ = {isa = PBXFileReference; fileEncoding = 4; lastKnownFileType = sourcecode.swift; path = MicrophonePropertiesParser.swift; sourceTree = "<group>"; };
/* End PBXFileReference section */

/* Begin PBXFrameworksBuildPhase section */
		0A207EDF21D62B7800BC7D7B /* Frameworks */ = {
			isa = PBXFrameworksBuildPhase;
			buildActionMask = 2147483647;
			files = (
				5693375026457F700036CFCE /* MIPSDKMobile.xcframework in Frameworks */,
			);
			runOnlyForDeploymentPostprocessing = 0;
		};
/* End PBXFrameworksBuildPhase section */

/* Begin PBXGroup section */
		0A207ED921D62B7800BC7D7B = {
			isa = PBXGroup;
			children = (
				0A207EE421D62B7800BC7D7B /* MobileSDKAudioSample */,
				0A207EE321D62B7800BC7D7B /* Products */,
				0A207F0821DCE58400BC7D7B /* Frameworks */,
			);
			sourceTree = "<group>";
		};
		0A207EE321D62B7800BC7D7B /* Products */ = {
			isa = PBXGroup;
			children = (
				0A207EE221D62B7800BC7D7B /* MobileSDKAudioSample.app */,
			);
			name = Products;
			sourceTree = "<group>";
		};
		0A207EE421D62B7800BC7D7B /* MobileSDKAudioSample */ = {
			isa = PBXGroup;
			children = (
				0A207EE521D62B7800BC7D7B /* AppDelegate.swift */,
				569337212637EE450036CFCE /* Helpers */,
				56933715263019CB0036CFCE /* Parsers */,
				5A82925E268B4E600084FFDA /* Models */,
				569337202637E42F0036CFCE /* ViewControllers */,
				0A207EE921D62B7800BC7D7B /* Main.storyboard */,
				0A207EEE21D62B7900BC7D7B /* LaunchScreen.storyboard */,
				0A207EF121D62B7900BC7D7B /* Info.plist */,
				0A207EEC21D62B7900BC7D7B /* Assets.xcassets */,
			);
			path = MobileSDKAudioSample;
			sourceTree = "<group>";
		};
		0A207F0821DCE58400BC7D7B /* Frameworks */ = {
			isa = PBXGroup;
			children = (
				56B2745F25E63E0300169D9F /* MIPSDKMobile.xcframework */,
			);
			name = Frameworks;
			sourceTree = "<group>";
		};
		56933715263019CB0036CFCE /* Parsers */ = {
			isa = PBXGroup;
			children = (
				5693371626301A030036CFCE /* CamerasParser.swift */,
				56CBF7F9268DDC7E00908550 /* MicrophonePropertiesParser.swift */,
			);
			path = Parsers;
			sourceTree = "<group>";
		};
		569337202637E42F0036CFCE /* ViewControllers */ = {
			isa = PBXGroup;
			children = (
				0A207EF821DCB99F00BC7D7B /* CamerasListViewController.swift */,
				0A207EF921DCB9A000BC7D7B /* LoginViewController.swift */,
				0A207EFC21DCCFDC00BC7D7B /* AudioViewController.swift */,
			);
			path = ViewControllers;
			sourceTree = "<group>";
		};
		569337212637EE450036CFCE /* Helpers */ = {
			isa = PBXGroup;
			children = (
				0A207F0621DCE53800BC7D7B /* Constants.swift */,
				0A207F0021DCD05300BC7D7B /* AudioManager.swift */,
			);
			path = Helpers;
			sourceTree = "<group>";
		};
		5A82925E268B4E600084FFDA /* Models */ = {
			isa = PBXGroup;
			children = (
				56CBF7F5268DD7F400908550 /* ResponseItem.swift */,
				0A207EFE21DCCFE400BC7D7B /* MicrophoneData.swift */,
				56CBF7F7268DDBE900908550 /* MicrophoneProperties.swift */,
			);
			path = Models;
			sourceTree = "<group>";
		};
/* End PBXGroup section */

/* Begin PBXNativeTarget section */
		0A207EE121D62B7800BC7D7B /* MobileSDKAudioSample */ = {
			isa = PBXNativeTarget;
			buildConfigurationList = 0A207EF421D62B7900BC7D7B /* Build configuration list for PBXNativeTarget "MobileSDKAudioSample" */;
			buildPhases = (
				0A207EDE21D62B7800BC7D7B /* Sources */,
				0A207EDF21D62B7800BC7D7B /* Frameworks */,
				0A207EE021D62B7800BC7D7B /* Resources */,
				566F09B9246D33B80054CCA3 /* Embed Frameworks */,
			);
			buildRules = (
			);
			dependencies = (
			);
			name = MobileSDKAudioSample;
			productName = MobileSDKAudioSample;
			productReference = 0A207EE221D62B7800BC7D7B /* MobileSDKAudioSample.app */;
			productType = "com.apple.product-type.application";
		};
/* End PBXNativeTarget section */

/* Begin PBXProject section */
		0A207EDA21D62B7800BC7D7B /* Project object */ = {
			isa = PBXProject;
			attributes = {
				LastSwiftUpdateCheck = 1010;
				LastUpgradeCheck = 1230;
				ORGANIZATIONNAME = "Milestone systems";
				TargetAttributes = {
					0A207EE121D62B7800BC7D7B = {
						CreatedOnToolsVersion = 10.1;
						LastSwiftMigration = 1230;
					};
				};
			};
			buildConfigurationList = 0A207EDD21D62B7800BC7D7B /* Build configuration list for PBXProject "MobileSDKAudioSample" */;
			compatibilityVersion = "Xcode 9.3";
			developmentRegion = en;
			hasScannedForEncodings = 0;
			knownRegions = (
				en,
				Base,
			);
			mainGroup = 0A207ED921D62B7800BC7D7B;
			productRefGroup = 0A207EE321D62B7800BC7D7B /* Products */;
			projectDirPath = "";
			projectRoot = "";
			targets = (
				0A207EE121D62B7800BC7D7B /* MobileSDKAudioSample */,
			);
		};
/* End PBXProject section */

/* Begin PBXResourcesBuildPhase section */
		0A207EE021D62B7800BC7D7B /* Resources */ = {
			isa = PBXResourcesBuildPhase;
			buildActionMask = 2147483647;
			files = (
				0A207EF021D62B7900BC7D7B /* LaunchScreen.storyboard in Resources */,
				0A207EED21D62B7900BC7D7B /* Assets.xcassets in Resources */,
				0A207EEB21D62B7800BC7D7B /* Main.storyboard in Resources */,
			);
			runOnlyForDeploymentPostprocessing = 0;
		};
/* End PBXResourcesBuildPhase section */

/* Begin PBXSourcesBuildPhase section */
		0A207EDE21D62B7800BC7D7B /* Sources */ = {
			isa = PBXSourcesBuildPhase;
			buildActionMask = 2147483647;
			files = (
				0A207EFB21DCB9A000BC7D7B /* LoginViewController.swift in Sources */,
				56CBF7FA268DDC7E00908550 /* MicrophonePropertiesParser.swift in Sources */,
				0A207EFD21DCCFDC00BC7D7B /* AudioViewController.swift in Sources */,
				0A207EFA21DCB9A000BC7D7B /* CamerasListViewController.swift in Sources */,
				56CBF7F8268DDBE900908550 /* MicrophoneProperties.swift in Sources */,
				0A207EE621D62B7800BC7D7B /* AppDelegate.swift in Sources */,
				0A207F0721DCE53800BC7D7B /* Constants.swift in Sources */,
				0A207F0121DCD05300BC7D7B /* AudioManager.swift in Sources */,
				0A207EFF21DCCFE400BC7D7B /* MicrophoneData.swift in Sources */,
				5693371826301A030036CFCE /* CamerasParser.swift in Sources */,
				56CBF7F6268DD7F400908550 /* ResponseItem.swift in Sources */,
			);
			runOnlyForDeploymentPostprocessing = 0;
		};
/* End PBXSourcesBuildPhase section */

/* Begin PBXVariantGroup section */
		0A207EE921D62B7800BC7D7B /* Main.storyboard */ = {
			isa = PBXVariantGroup;
			children = (
				0A207EEA21D62B7800BC7D7B /* Base */,
			);
			name = Main.storyboard;
			sourceTree = "<group>";
		};
		0A207EEE21D62B7900BC7D7B /* LaunchScreen.storyboard */ = {
			isa = PBXVariantGroup;
			children = (
				0A207EEF21D62B7900BC7D7B /* Base */,
			);
			name = LaunchScreen.storyboard;
			sourceTree = "<group>";
		};
/* End PBXVariantGroup section */

/* Begin XCBuildConfiguration section */
		0A207EF221D62B7900BC7D7B /* Debug */ = {
			isa = XCBuildConfiguration;
			buildSettings = {
				ALWAYS_SEARCH_USER_PATHS = NO;
				CLANG_ANALYZER_NONNULL = YES;
				CLANG_ANALYZER_NUMBER_OBJECT_CONVERSION = YES_AGGRESSIVE;
				CLANG_CXX_LANGUAGE_STANDARD = "gnu++14";
				CLANG_CXX_LIBRARY = "libc++";
				CLANG_ENABLE_MODULES = YES;
				CLANG_ENABLE_OBJC_ARC = YES;
				CLANG_ENABLE_OBJC_WEAK = YES;
				CLANG_WARN_BLOCK_CAPTURE_AUTORELEASING = YES;
				CLANG_WARN_BOOL_CONVERSION = YES;
				CLANG_WARN_COMMA = YES;
				CLANG_WARN_CONSTANT_CONVERSION = YES;
				CLANG_WARN_DEPRECATED_OBJC_IMPLEMENTATIONS = YES;
				CLANG_WARN_DIRECT_OBJC_ISA_USAGE = YES_ERROR;
				CLANG_WARN_DOCUMENTATION_COMMENTS = YES;
				CLANG_WARN_EMPTY_BODY = YES;
				CLANG_WARN_ENUM_CONVERSION = YES;
				CLANG_WARN_INFINITE_RECURSION = YES;
				CLANG_WARN_INT_CONVERSION = YES;
				CLANG_WARN_NON_LITERAL_NULL_CONVERSION = YES;
				CLANG_WARN_OBJC_IMPLICIT_RETAIN_SELF = YES;
				CLANG_WARN_OBJC_LITERAL_CONVERSION = YES;
				CLANG_WARN_OBJC_ROOT_CLASS = YES_ERROR;
				CLANG_WARN_QUOTED_INCLUDE_IN_FRAMEWORK_HEADER = YES;
				CLANG_WARN_RANGE_LOOP_ANALYSIS = YES;
				CLANG_WARN_STRICT_PROTOTYPES = YES;
				CLANG_WARN_SUSPICIOUS_MOVE = YES;
				CLANG_WARN_UNGUARDED_AVAILABILITY = YES_AGGRESSIVE;
				CLANG_WARN_UNREACHABLE_CODE = YES;
				CLANG_WARN__DUPLICATE_METHOD_MATCH = YES;
				CODE_SIGN_IDENTITY = "iPhone Developer";
				COPY_PHASE_STRIP = NO;
				DEBUG_INFORMATION_FORMAT = dwarf;
				ENABLE_STRICT_OBJC_MSGSEND = YES;
				ENABLE_TESTABILITY = YES;
				GCC_C_LANGUAGE_STANDARD = gnu11;
				GCC_DYNAMIC_NO_PIC = NO;
				GCC_NO_COMMON_BLOCKS = YES;
				GCC_OPTIMIZATION_LEVEL = 0;
				GCC_PREPROCESSOR_DEFINITIONS = (
					"DEBUG=1",
					"$(inherited)",
				);
				GCC_WARN_64_TO_32_BIT_CONVERSION = YES;
				GCC_WARN_ABOUT_RETURN_TYPE = YES_ERROR;
				GCC_WARN_UNDECLARED_SELECTOR = YES;
				GCC_WARN_UNINITIALIZED_AUTOS = YES_AGGRESSIVE;
				GCC_WARN_UNUSED_FUNCTION = YES;
				GCC_WARN_UNUSED_VARIABLE = YES;
				IPHONEOS_DEPLOYMENT_TARGET = 14.0;
				MTL_ENABLE_DEBUG_INFO = INCLUDE_SOURCE;
				MTL_FAST_MATH = YES;
				ONLY_ACTIVE_ARCH = YES;
				SDKROOT = iphoneos;
				SWIFT_ACTIVE_COMPILATION_CONDITIONS = DEBUG;
				SWIFT_OPTIMIZATION_LEVEL = "-Onone";
			};
			name = Debug;
		};
		0A207EF321D62B7900BC7D7B /* Release */ = {
			isa = XCBuildConfiguration;
			buildSettings = {
				ALWAYS_SEARCH_USER_PATHS = NO;
				CLANG_ANALYZER_NONNULL = YES;
				CLANG_ANALYZER_NUMBER_OBJECT_CONVERSION = YES_AGGRESSIVE;
				CLANG_CXX_LANGUAGE_STANDARD = "gnu++14";
				CLANG_CXX_LIBRARY = "libc++";
				CLANG_ENABLE_MODULES = YES;
				CLANG_ENABLE_OBJC_ARC = YES;
				CLANG_ENABLE_OBJC_WEAK = YES;
				CLANG_WARN_BLOCK_CAPTURE_AUTORELEASING = YES;
				CLANG_WARN_BOOL_CONVERSION = YES;
				CLANG_WARN_COMMA = YES;
				CLANG_WARN_CONSTANT_CONVERSION = YES;
				CLANG_WARN_DEPRECATED_OBJC_IMPLEMENTATIONS = YES;
				CLANG_WARN_DIRECT_OBJC_ISA_USAGE = YES_ERROR;
				CLANG_WARN_DOCUMENTATION_COMMENTS = YES;
				CLANG_WARN_EMPTY_BODY = YES;
				CLANG_WARN_ENUM_CONVERSION = YES;
				CLANG_WARN_INFINITE_RECURSION = YES;
				CLANG_WARN_INT_CONVERSION = YES;
				CLANG_WARN_NON_LITERAL_NULL_CONVERSION = YES;
				CLANG_WARN_OBJC_IMPLICIT_RETAIN_SELF = YES;
				CLANG_WARN_OBJC_LITERAL_CONVERSION = YES;
				CLANG_WARN_OBJC_ROOT_CLASS = YES_ERROR;
				CLANG_WARN_QUOTED_INCLUDE_IN_FRAMEWORK_HEADER = YES;
				CLANG_WARN_RANGE_LOOP_ANALYSIS = YES;
				CLANG_WARN_STRICT_PROTOTYPES = YES;
				CLANG_WARN_SUSPICIOUS_MOVE = YES;
				CLANG_WARN_UNGUARDED_AVAILABILITY = YES_AGGRESSIVE;
				CLANG_WARN_UNREACHABLE_CODE = YES;
				CLANG_WARN__DUPLICATE_METHOD_MATCH = YES;
				CODE_SIGN_IDENTITY = "iPhone Developer";
				COPY_PHASE_STRIP = NO;
				DEBUG_INFORMATION_FORMAT = "dwarf-with-dsym";
				ENABLE_NS_ASSERTIONS = NO;
				ENABLE_STRICT_OBJC_MSGSEND = YES;
				GCC_C_LANGUAGE_STANDARD = gnu11;
				GCC_NO_COMMON_BLOCKS = YES;
				GCC_WARN_64_TO_32_BIT_CONVERSION = YES;
				GCC_WARN_ABOUT_RETURN_TYPE = YES_ERROR;
				GCC_WARN_UNDECLARED_SELECTOR = YES;
				GCC_WARN_UNINITIALIZED_AUTOS = YES_AGGRESSIVE;
				GCC_WARN_UNUSED_FUNCTION = YES;
				GCC_WARN_UNUSED_VARIABLE = YES;
				IPHONEOS_DEPLOYMENT_TARGET = 14.0;
				MTL_ENABLE_DEBUG_INFO = NO;
				MTL_FAST_MATH = YES;
				SDKROOT = iphoneos;
				SWIFT_COMPILATION_MODE = wholemodule;
				SWIFT_OPTIMIZATION_LEVEL = "-O";
				VALIDATE_PRODUCT = YES;
			};
			name = Release;
		};
		0A207EF521D62B7900BC7D7B /* Debug */ = {
			isa = XCBuildConfiguration;
			buildSettings = {
				ASSETCATALOG_COMPILER_APPICON_NAME = AppIcon;
				CODE_SIGN_STYLE = Automatic;
				DEVELOPMENT_TEAM = 984VEFX3WC;
				FRAMEWORK_SEARCH_PATHS = (
					"$(inherited)",
					"$(PROJECT_DIR)/../../lib",
				);
				INFOPLIST_FILE = MobileSDKAudioSample/Info.plist;
				IPHONEOS_DEPLOYMENT_TARGET = 14.0;
				LD_RUNPATH_SEARCH_PATHS = (
					"$(inherited)",
					"@executable_path/Frameworks",
				);
				PRODUCT_BUNDLE_IDENTIFIER = com.milestonesys.MobileSDKAudioSample;
				PRODUCT_NAME = "$(TARGET_NAME)";
				SWIFT_VERSION = 5.0;
				TARGETED_DEVICE_FAMILY = "1,2";
			};
			name = Debug;
		};
		0A207EF621D62B7900BC7D7B /* Release */ = {
			isa = XCBuildConfiguration;
			buildSettings = {
				ASSETCATALOG_COMPILER_APPICON_NAME = AppIcon;
				CODE_SIGN_STYLE = Automatic;
				DEVELOPMENT_TEAM = 984VEFX3WC;
				FRAMEWORK_SEARCH_PATHS = (
					"$(inherited)",
					"$(PROJECT_DIR)/../../lib",
				);
				INFOPLIST_FILE = MobileSDKAudioSample/Info.plist;
				IPHONEOS_DEPLOYMENT_TARGET = 14.0;
				LD_RUNPATH_SEARCH_PATHS = (
					"$(inherited)",
					"@executable_path/Frameworks",
				);
				PRODUCT_BUNDLE_IDENTIFIER = com.milestonesys.MobileSDKAudioSample;
				PRODUCT_NAME = "$(TARGET_NAME)";
				SWIFT_VERSION = 5.0;
				TARGETED_DEVICE_FAMILY = "1,2";
			};
			name = Release;
		};
/* End XCBuildConfiguration section */

/* Begin XCConfigurationList section */
		0A207EDD21D62B7800BC7D7B /* Build configuration list for PBXProject "MobileSDKAudioSample" */ = {
			isa = XCConfigurationList;
			buildConfigurations = (
				0A207EF221D62B7900BC7D7B /* Debug */,
				0A207EF321D62B7900BC7D7B /* Release */,
			);
			defaultConfigurationIsVisible = 0;
			defaultConfigurationName = Release;
		};
		0A207EF421D62B7900BC7D7B /* Build configuration list for PBXNativeTarget "MobileSDKAudioSample" */ = {
			isa = XCConfigurationList;
			buildConfigurations = (
				0A207EF521D62B7900BC7D7B /* Debug */,
				0A207EF621D62B7900BC7D7B /* Release */,
			);
			defaultConfigurationIsVisible = 0;
			defaultConfigurationName = Release;
		};
/* End XCConfigurationList section */
	};
	rootObject = 0A207EDA21D62B7800BC7D7B /* Project object */;
}
