// !$*UTF8*$!
{
	archiveVersion = 1;
	classes = {
	};
	objectVersion = 52;
	objects = {

/* Begin PBXBuildFile section */
		0A217D471FEAA4F10071EABE /* Main.storyboard in Resources */ = {isa = PBXBuildFile; fileRef = 0A217D451FEAA4F10071EABE /* Main.storyboard */; };
		0A217D491FEAA4F10071EABE /* Assets.xcassets in Resources */ = {isa = PBXBuildFile; fileRef = 0A217D481FEAA4F10071EABE /* Assets.xcassets */; };
		0A217D4C1FEAA4F10071EABE /* LaunchScreen.storyboard in Resources */ = {isa = PBXBuildFile; fileRef = 0A217D4A1FEAA4F10071EABE /* LaunchScreen.storyboard */; };
		4E0B70112689F79E0086D9CD /* AppDelegate.swift in Sources */ = {isa = PBXBuildFile; fileRef = 4E0B70102689F79E0086D9CD /* AppDelegate.swift */; };
		4E0B70142689F8C00086D9CD /* LoginViewController.swift in Sources */ = {isa = PBXBuildFile; fileRef = 4E0B70132689F8C00086D9CD /* LoginViewController.swift */; };
		4E0B70162689FAA60086D9CD /* Constants.swift in Sources */ = {isa = PBXBuildFile; fileRef = 4E0B70152689FAA60086D9CD /* Constants.swift */; };
		4E338403268A7CD6008DC7A1 /* CameraLiveViewController.swift in Sources */ = {isa = PBXBuildFile; fileRef = 4E338402268A7CD6008DC7A1 /* CameraLiveViewController.swift */; };
		4EFDDE73268A74610003904C /* CamerasListViewController.swift in Sources */ = {isa = PBXBuildFile; fileRef = 4EFDDE72268A74610003904C /* CamerasListViewController.swift */; };
		4EFDDE78268A74F10003904C /* CamerasParser.swift in Sources */ = {isa = PBXBuildFile; fileRef = 4EFDDE76268A74F10003904C /* CamerasParser.swift */; };
		4EFDDE7C268A77A00003904C /* CameraVideoView.swift in Sources */ = {isa = PBXBuildFile; fileRef = 4EFDDE7B268A77A00003904C /* CameraVideoView.swift */; };
		56CBF7FE268DFB9F00908550 /* ResponseItem.swift in Sources */ = {isa = PBXBuildFile; fileRef = 56CBF7FD268DFB9F00908550 /* ResponseItem.swift */; };
		FECC2EFC28CFC4D80095D69F /* MIPSDKMobile.xcframework in Frameworks */ = {isa = PBXBuildFile; fileRef = FECC2EFB28CFC4D80095D69F /* MIPSDKMobile.xcframework */; };
		FECC2F0328D120DE0095D69F /* XPDirectStreamingPlayerManager.swift in Sources */ = {isa = PBXBuildFile; fileRef = FECC2EFF28D120DE0095D69F /* XPDirectStreamingPlayerManager.swift */; };
		FECC2F0428D120DE0095D69F /* XPDirectStreamingVideoFilesManager.swift in Sources */ = {isa = PBXBuildFile; fileRef = FECC2F0028D120DE0095D69F /* XPDirectStreamingVideoFilesManager.swift */; };
		FECC2F0528D120DE0095D69F /* XPDirectStreamingConstants.swift in Sources */ = {isa = PBXBuildFile; fileRef = FECC2F0128D120DE0095D69F /* XPDirectStreamingConstants.swift */; };
		FECC2F0928D126220095D69F /* XPVideoPlayerContainerView.swift in Sources */ = {isa = PBXBuildFile; fileRef = FECC2F0828D126220095D69F /* XPVideoPlayerContainerView.swift */; };
/* End PBXBuildFile section */

/* Begin PBXCopyFilesBuildPhase section */
		56FF014D246D23DD001D0284 /* Embed Frameworks */ = {
			isa = PBXCopyFilesBuildPhase;
			buildActionMask = 2147483647;
			dstPath = "";
			dstSubfolderSpec = 10;
			files = (
			);
			name = "Embed Frameworks";
			runOnlyForDeploymentPostprocessing = 0;
		};
/* End PBXCopyFilesBuildPhase section */

/* Begin PBXFileReference section */
		0A217D3C1FEAA4F10071EABE /* MobileSDKDirectStreamingSample.app */ = {isa = PBXFileReference; explicitFileType = wrapper.application; includeInIndex = 0; path = MobileSDKDirectStreamingSample.app; sourceTree = BUILT_PRODUCTS_DIR; };
		0A217D461FEAA4F10071EABE /* Base */ = {isa = PBXFileReference; lastKnownFileType = file.storyboard; name = Base; path = Base.lproj/Main.storyboard; sourceTree = "<group>"; };
		0A217D481FEAA4F10071EABE /* Assets.xcassets */ = {isa = PBXFileReference; lastKnownFileType = folder.assetcatalog; path = Assets.xcassets; sourceTree = "<group>"; };
		0A217D4B1FEAA4F10071EABE /* Base */ = {isa = PBXFileReference; lastKnownFileType = file.storyboard; name = Base; path = Base.lproj/LaunchScreen.storyboard; sourceTree = "<group>"; };
		0A217D4D1FEAA4F10071EABE /* Info.plist */ = {isa = PBXFileReference; lastKnownFileType = text.plist.xml; path = Info.plist; sourceTree = "<group>"; };
		4E0B70102689F79E0086D9CD /* AppDelegate.swift */ = {isa = PBXFileReference; lastKnownFileType = sourcecode.swift; path = AppDelegate.swift; sourceTree = "<group>"; };
		4E0B70132689F8C00086D9CD /* LoginViewController.swift */ = {isa = PBXFileReference; lastKnownFileType = sourcecode.swift; path = LoginViewController.swift; sourceTree = "<group>"; };
		4E0B70152689FAA60086D9CD /* Constants.swift */ = {isa = PBXFileReference; lastKnownFileType = sourcecode.swift; path = Constants.swift; sourceTree = "<group>"; };
		4E338402268A7CD6008DC7A1 /* CameraLiveViewController.swift */ = {isa = PBXFileReference; lastKnownFileType = sourcecode.swift; path = CameraLiveViewController.swift; sourceTree = "<group>"; };
		4EFDDE72268A74610003904C /* CamerasListViewController.swift */ = {isa = PBXFileReference; lastKnownFileType = sourcecode.swift; path = CamerasListViewController.swift; sourceTree = "<group>"; };
		4EFDDE76268A74F10003904C /* CamerasParser.swift */ = {isa = PBXFileReference; fileEncoding = 4; lastKnownFileType = sourcecode.swift; path = CamerasParser.swift; sourceTree = "<group>"; };
		4EFDDE7B268A77A00003904C /* CameraVideoView.swift */ = {isa = PBXFileReference; fileEncoding = 4; lastKnownFileType = sourcecode.swift; path = CameraVideoView.swift; sourceTree = "<group>"; };
		56CBF7FD268DFB9F00908550 /* ResponseItem.swift */ = {isa = PBXFileReference; fileEncoding = 4; lastKnownFileType = sourcecode.swift; path = ResponseItem.swift; sourceTree = "<group>"; };
		FECC2EFB28CFC4D80095D69F /* MIPSDKMobile.xcframework */ = {isa = PBXFileReference; lastKnownFileType = wrapper.xcframework; path = MIPSDKMobile.xcframework; sourceTree = "<group>"; };
		FECC2EFF28D120DE0095D69F /* XPDirectStreamingPlayerManager.swift */ = {isa = PBXFileReference; fileEncoding = 4; lastKnownFileType = sourcecode.swift; path = XPDirectStreamingPlayerManager.swift; sourceTree = "<group>"; };
		FECC2F0028D120DE0095D69F /* XPDirectStreamingVideoFilesManager.swift */ = {isa = PBXFileReference; fileEncoding = 4; lastKnownFileType = sourcecode.swift; path = XPDirectStreamingVideoFilesManager.swift; sourceTree = "<group>"; };
		FECC2F0128D120DE0095D69F /* XPDirectStreamingConstants.swift */ = {isa = PBXFileReference; fileEncoding = 4; lastKnownFileType = sourcecode.swift; path = XPDirectStreamingConstants.swift; sourceTree = "<group>"; };
		FECC2F0828D126220095D69F /* XPVideoPlayerContainerView.swift */ = {isa = PBXFileReference; fileEncoding = 4; lastKnownFileType = sourcecode.swift; path = XPVideoPlayerContainerView.swift; sourceTree = "<group>"; };
/* End PBXFileReference section */

/* Begin PBXFrameworksBuildPhase section */
		0A217D391FEAA4F10071EABE /* Frameworks */ = {
			isa = PBXFrameworksBuildPhase;
			buildActionMask = 2147483647;
			files = (
				FECC2EFC28CFC4D80095D69F /* MIPSDKMobile.xcframework in Frameworks */,
			);
			runOnlyForDeploymentPostprocessing = 0;
		};
/* End PBXFrameworksBuildPhase section */

/* Begin PBXGroup section */
		0A217D331FEAA4F10071EABE = {
			isa = PBXGroup;
			children = (
				0A217D3E1FEAA4F10071EABE /* MobileSDKDirectStreamingSample */,
				0A217D3D1FEAA4F10071EABE /* Products */,
				0A217D551FEAA5060071EABE /* Frameworks */,
			);
			sourceTree = "<group>";
		};
		0A217D3D1FEAA4F10071EABE /* Products */ = {
			isa = PBXGroup;
			children = (
				0A217D3C1FEAA4F10071EABE /* MobileSDKDirectStreamingSample.app */,
			);
			name = Products;
			sourceTree = "<group>";
		};
		0A217D3E1FEAA4F10071EABE /* MobileSDKDirectStreamingSample */ = {
			isa = PBXGroup;
			children = (
				4E0B70102689F79E0086D9CD /* AppDelegate.swift */,
				4EFDDE74268A74B60003904C /* Helpers */,
				5A829260268B4EF70084FFDA /* Parsers */,
				5A82925F268B4EC70084FFDA /* Models */,
				4EFDDE7A268A77710003904C /* Views */,
				4E0B70122689F8660086D9CD /* ViewControllers */,
				FECC2F0728D120EA0095D69F /* Direct Streaming */,
				0A217D451FEAA4F10071EABE /* Main.storyboard */,
				0A217D4A1FEAA4F10071EABE /* LaunchScreen.storyboard */,
				0A217D4D1FEAA4F10071EABE /* Info.plist */,
				0A217D481FEAA4F10071EABE /* Assets.xcassets */,
			);
			path = MobileSDKDirectStreamingSample;
			sourceTree = "<group>";
		};
		0A217D551FEAA5060071EABE /* Frameworks */ = {
			isa = PBXGroup;
			children = (
				FECC2EFB28CFC4D80095D69F /* MIPSDKMobile.xcframework */,
			);
			name = Frameworks;
			sourceTree = "<group>";
		};
		4E0B70122689F8660086D9CD /* ViewControllers */ = {
			isa = PBXGroup;
			children = (
				4E0B70132689F8C00086D9CD /* LoginViewController.swift */,
				4EFDDE72268A74610003904C /* CamerasListViewController.swift */,
				4E338402268A7CD6008DC7A1 /* CameraLiveViewController.swift */,
			);
			path = ViewControllers;
			sourceTree = "<group>";
		};
		4EFDDE74268A74B60003904C /* Helpers */ = {
			isa = PBXGroup;
			children = (
				4E0B70152689FAA60086D9CD /* Constants.swift */,
			);
			path = Helpers;
			sourceTree = "<group>";
		};
		4EFDDE7A268A77710003904C /* Views */ = {
			isa = PBXGroup;
			children = (
				4EFDDE7B268A77A00003904C /* CameraVideoView.swift */,
			);
			path = Views;
			sourceTree = "<group>";
		};
		5A82925F268B4EC70084FFDA /* Models */ = {
			isa = PBXGroup;
			children = (
				56CBF7FD268DFB9F00908550 /* ResponseItem.swift */,
			);
			path = Models;
			sourceTree = "<group>";
		};
		5A829260268B4EF70084FFDA /* Parsers */ = {
			isa = PBXGroup;
			children = (
				4EFDDE76268A74F10003904C /* CamerasParser.swift */,
			);
			path = Parsers;
			sourceTree = "<group>";
		};
		FECC2F0728D120EA0095D69F /* Direct Streaming */ = {
			isa = PBXGroup;
			children = (
				FECC2F0828D126220095D69F /* XPVideoPlayerContainerView.swift */,
				FECC2F0128D120DE0095D69F /* XPDirectStreamingConstants.swift */,
				FECC2EFF28D120DE0095D69F /* XPDirectStreamingPlayerManager.swift */,
				FECC2F0028D120DE0095D69F /* XPDirectStreamingVideoFilesManager.swift */,
			);
			path = "Direct Streaming";
			sourceTree = "<group>";
		};
/* End PBXGroup section */

/* Begin PBXNativeTarget section */
		0A217D3B1FEAA4F10071EABE /* MobileSDKDirectStreamingSample */ = {
			isa = PBXNativeTarget;
			buildConfigurationList = 0A217D521FEAA4F10071EABE /* Build configuration list for PBXNativeTarget "MobileSDKDirectStreamingSample" */;
			buildPhases = (
				0A217D381FEAA4F10071EABE /* Sources */,
				0A217D391FEAA4F10071EABE /* Frameworks */,
				0A217D3A1FEAA4F10071EABE /* Resources */,
				56FF014D246D23DD001D0284 /* Embed Frameworks */,
			);
			buildRules = (
			);
			dependencies = (
			);
			name = MobileSDKDirectStreamingSample;
			productName = SDKSampleTest;
			productReference = 0A217D3C1FEAA4F10071EABE /* MobileSDKDirectStreamingSample.app */;
			productType = "com.apple.product-type.application";
		};
/* End PBXNativeTarget section */

/* Begin PBXProject section */
		0A217D341FEAA4F10071EABE /* Project object */ = {
			isa = PBXProject;
			attributes = {
				LastUpgradeCheck = 1240;
				ORGANIZATIONNAME = Milestone;
				TargetAttributes = {
					0A217D3B1FEAA4F10071EABE = {
						CreatedOnToolsVersion = 9.2;
						LastSwiftMigration = 1240;
						ProvisioningStyle = Automatic;
					};
				};
			};
			buildConfigurationList = 0A217D371FEAA4F10071EABE /* Build configuration list for PBXProject "MobileSDKDirectStreamingSample" */;
			compatibilityVersion = "Xcode 8.0";
			developmentRegion = en;
			hasScannedForEncodings = 0;
			knownRegions = (
				en,
				Base,
			);
			mainGroup = 0A217D331FEAA4F10071EABE;
			productRefGroup = 0A217D3D1FEAA4F10071EABE /* Products */;
			projectDirPath = "";
			projectRoot = "";
			targets = (
				0A217D3B1FEAA4F10071EABE /* MobileSDKDirectStreamingSample */,
			);
		};
/* End PBXProject section */

/* Begin PBXResourcesBuildPhase section */
		0A217D3A1FEAA4F10071EABE /* Resources */ = {
			isa = PBXResourcesBuildPhase;
			buildActionMask = 2147483647;
			files = (
				0A217D4C1FEAA4F10071EABE /* LaunchScreen.storyboard in Resources */,
				0A217D491FEAA4F10071EABE /* Assets.xcassets in Resources */,
				0A217D471FEAA4F10071EABE /* Main.storyboard in Resources */,
			);
			runOnlyForDeploymentPostprocessing = 0;
		};
/* End PBXResourcesBuildPhase section */

/* Begin PBXSourcesBuildPhase section */
		0A217D381FEAA4F10071EABE /* Sources */ = {
			isa = PBXSourcesBuildPhase;
			buildActionMask = 2147483647;
			files = (
				4E0B70142689F8C00086D9CD /* LoginViewController.swift in Sources */,
				FECC2F0428D120DE0095D69F /* XPDirectStreamingVideoFilesManager.swift in Sources */,
				4EFDDE78268A74F10003904C /* CamerasParser.swift in Sources */,
				4E0B70112689F79E0086D9CD /* AppDelegate.swift in Sources */,
				4E338403268A7CD6008DC7A1 /* CameraLiveViewController.swift in Sources */,
				FECC2F0328D120DE0095D69F /* XPDirectStreamingPlayerManager.swift in Sources */,
				FECC2F0928D126220095D69F /* XPVideoPlayerContainerView.swift in Sources */,
				4E0B70162689FAA60086D9CD /* Constants.swift in Sources */,
				4EFDDE73268A74610003904C /* CamerasListViewController.swift in Sources */,
				56CBF7FE268DFB9F00908550 /* ResponseItem.swift in Sources */,
				FECC2F0528D120DE0095D69F /* XPDirectStreamingConstants.swift in Sources */,
				4EFDDE7C268A77A00003904C /* CameraVideoView.swift in Sources */,
			);
			runOnlyForDeploymentPostprocessing = 0;
		};
/* End PBXSourcesBuildPhase section */

/* Begin PBXVariantGroup section */
		0A217D451FEAA4F10071EABE /* Main.storyboard */ = {
			isa = PBXVariantGroup;
			children = (
				0A217D461FEAA4F10071EABE /* Base */,
			);
			name = Main.storyboard;
			sourceTree = "<group>";
		};
		0A217D4A1FEAA4F10071EABE /* LaunchScreen.storyboard */ = {
			isa = PBXVariantGroup;
			children = (
				0A217D4B1FEAA4F10071EABE /* Base */,
			);
			name = LaunchScreen.storyboard;
			sourceTree = "<group>";
		};
/* End PBXVariantGroup section */

/* Begin XCBuildConfiguration section */
		0A217D501FEAA4F10071EABE /* Debug */ = {
			isa = XCBuildConfiguration;
			buildSettings = {
				ALWAYS_SEARCH_USER_PATHS = NO;
				CLANG_ANALYZER_NONNULL = YES;
				CLANG_ANALYZER_NUMBER_OBJECT_CONVERSION = YES_AGGRESSIVE;
				CLANG_CXX_LANGUAGE_STANDARD = "gnu++14";
				CLANG_CXX_LIBRARY = "libc++";
				CLANG_ENABLE_MODULES = YES;
				CLANG_ENABLE_OBJC_ARC = YES;
				CLANG_WARN_BLOCK_CAPTURE_AUTORELEASING = YES;
				CLANG_WARN_BOOL_CONVERSION = YES;
				CLANG_WARN_COMMA = YES;
				CLANG_WARN_CONSTANT_CONVERSION = YES;
				CLANG_WARN_DEPRECATED_OBJC_IMPLEMENTATIONS = YES;
				CLANG_WARN_DIRECT_OBJC_ISA_USAGE = YES_ERROR;
				CLANG_WARN_DOCUMENTATION_COMMENTS = YES;
				CLANG_WARN_EMPTY_BODY = YES;
				CLANG_WARN_ENUM_CONVERSION = YES;
				CLANG_WARN_INFINITE_RECURSION = YES;
				CLANG_WARN_INT_CONVERSION = YES;
				CLANG_WARN_NON_LITERAL_NULL_CONVERSION = YES;
				CLANG_WARN_OBJC_IMPLICIT_RETAIN_SELF = YES;
				CLANG_WARN_OBJC_LITERAL_CONVERSION = YES;
				CLANG_WARN_OBJC_ROOT_CLASS = YES_ERROR;
				CLANG_WARN_QUOTED_INCLUDE_IN_FRAMEWORK_HEADER = NO;
				CLANG_WARN_RANGE_LOOP_ANALYSIS = YES;
				CLANG_WARN_STRICT_PROTOTYPES = YES;
				CLANG_WARN_SUSPICIOUS_MOVE = YES;
				CLANG_WARN_UNGUARDED_AVAILABILITY = YES_AGGRESSIVE;
				CLANG_WARN_UNREACHABLE_CODE = YES;
				CLANG_WARN__DUPLICATE_METHOD_MATCH = YES;
				CODE_SIGN_IDENTITY = "iPhone Developer";
				COPY_PHASE_STRIP = NO;
				DEBUG_INFORMATION_FORMAT = dwarf;
				ENABLE_STRICT_OBJC_MSGSEND = YES;
				ENABLE_TESTABILITY = YES;
				GCC_C_LANGUAGE_STANDARD = gnu11;
				GCC_DYNAMIC_NO_PIC = NO;
				GCC_NO_COMMON_BLOCKS = YES;
				GCC_OPTIMIZATION_LEVEL = 0;
				GCC_PREPROCESSOR_DEFINITIONS = (
					"DEBUG=1",
					"$(inherited)",
				);
				GCC_WARN_64_TO_32_BIT_CONVERSION = YES;
				GCC_WARN_ABOUT_RETURN_TYPE = YES_ERROR;
				GCC_WARN_UNDECLARED_SELECTOR = YES;
				GCC_WARN_UNINITIALIZED_AUTOS = YES_AGGRESSIVE;
				GCC_WARN_UNUSED_FUNCTION = YES;
				GCC_WARN_UNUSED_VARIABLE = YES;
				IPHONEOS_DEPLOYMENT_TARGET = 14.0;
				MTL_ENABLE_DEBUG_INFO = YES;
				ONLY_ACTIVE_ARCH = YES;
				SDKROOT = iphoneos;
			};
			name = Debug;
		};
		0A217D511FEAA4F10071EABE /* Release */ = {
			isa = XCBuildConfiguration;
			buildSettings = {
				ALWAYS_SEARCH_USER_PATHS = NO;
				CLANG_ANALYZER_NONNULL = YES;
				CLANG_ANALYZER_NUMBER_OBJECT_CONVERSION = YES_AGGRESSIVE;
				CLANG_CXX_LANGUAGE_STANDARD = "gnu++14";
				CLANG_CXX_LIBRARY = "libc++";
				CLANG_ENABLE_MODULES = YES;
				CLANG_ENABLE_OBJC_ARC = YES;
				CLANG_WARN_BLOCK_CAPTURE_AUTORELEASING = YES;
				CLANG_WARN_BOOL_CONVERSION = YES;
				CLANG_WARN_COMMA = YES;
				CLANG_WARN_CONSTANT_CONVERSION = YES;
				CLANG_WARN_DEPRECATED_OBJC_IMPLEMENTATIONS = YES;
				CLANG_WARN_DIRECT_OBJC_ISA_USAGE = YES_ERROR;
				CLANG_WARN_DOCUMENTATION_COMMENTS = YES;
				CLANG_WARN_EMPTY_BODY = YES;
				CLANG_WARN_ENUM_CONVERSION = YES;
				CLANG_WARN_INFINITE_RECURSION = YES;
				CLANG_WARN_INT_CONVERSION = YES;
				CLANG_WARN_NON_LITERAL_NULL_CONVERSION = YES;
				CLANG_WARN_OBJC_IMPLICIT_RETAIN_SELF = YES;
				CLANG_WARN_OBJC_LITERAL_CONVERSION = YES;
				CLANG_WARN_OBJC_ROOT_CLASS = YES_ERROR;
				CLANG_WARN_QUOTED_INCLUDE_IN_FRAMEWORK_HEADER = NO;
				CLANG_WARN_RANGE_LOOP_ANALYSIS = YES;
				CLANG_WARN_STRICT_PROTOTYPES = YES;
				CLANG_WARN_SUSPICIOUS_MOVE = YES;
				CLANG_WARN_UNGUARDED_AVAILABILITY = YES_AGGRESSIVE;
				CLANG_WARN_UNREACHABLE_CODE = YES;
				CLANG_WARN__DUPLICATE_METHOD_MATCH = YES;
				CODE_SIGN_IDENTITY = "iPhone Developer";
				COPY_PHASE_STRIP = NO;
				DEBUG_INFORMATION_FORMAT = "dwarf-with-dsym";
				ENABLE_NS_ASSERTIONS = NO;
				ENABLE_STRICT_OBJC_MSGSEND = YES;
				GCC_C_LANGUAGE_STANDARD = gnu11;
				GCC_NO_COMMON_BLOCKS = YES;
				GCC_WARN_64_TO_32_BIT_CONVERSION = YES;
				GCC_WARN_ABOUT_RETURN_TYPE = YES_ERROR;
				GCC_WARN_UNDECLARED_SELECTOR = YES;
				GCC_WARN_UNINITIALIZED_AUTOS = YES_AGGRESSIVE;
				GCC_WARN_UNUSED_FUNCTION = YES;
				GCC_WARN_UNUSED_VARIABLE = YES;
				IPHONEOS_DEPLOYMENT_TARGET = 14.0;
				MTL_ENABLE_DEBUG_INFO = NO;
				SDKROOT = iphoneos;
				SWIFT_COMPILATION_MODE = wholemodule;
				VALIDATE_PRODUCT = YES;
			};
			name = Release;
		};
		0A217D531FEAA4F10071EABE /* Debug */ = {
			isa = XCBuildConfiguration;
			buildSettings = {
				ASSETCATALOG_COMPILER_APPICON_NAME = AppIcon;
				CLANG_ENABLE_MODULES = YES;
				CODE_SIGN_STYLE = Automatic;
				DEVELOPMENT_TEAM = 984VEFX3WC;
				FRAMEWORK_SEARCH_PATHS = (
					"$(inherited)",
					"$(PROJECT_DIR)/../../lib",
				);
				INFOPLIST_FILE = MobileSDKDirectStreamingSample/Info.plist;
				IPHONEOS_DEPLOYMENT_TARGET = 14.0;
				LD_RUNPATH_SEARCH_PATHS = (
					"$(inherited)",
					"@executable_path/Frameworks",
				);
				PRODUCT_BUNDLE_IDENTIFIER = com.milestonesys.XProtect.MobileSDKDirectStreamingSample;
				PRODUCT_NAME = "$(TARGET_NAME)";
				SWIFT_OBJC_BRIDGING_HEADER = "";
				SWIFT_OPTIMIZATION_LEVEL = "-Onone";
				SWIFT_VERSION = 5.0;
				TARGETED_DEVICE_FAMILY = "1,2";
			};
			name = Debug;
		};
		0A217D541FEAA4F10071EABE /* Release */ = {
			isa = XCBuildConfiguration;
			buildSettings = {
				ASSETCATALOG_COMPILER_APPICON_NAME = AppIcon;
				CLANG_ENABLE_MODULES = YES;
				CODE_SIGN_STYLE = Automatic;
				DEVELOPMENT_TEAM = 984VEFX3WC;
				FRAMEWORK_SEARCH_PATHS = (
					"$(inherited)",
					"$(PROJECT_DIR)/../../lib",
				);
				INFOPLIST_FILE = MobileSDKDirectStreamingSample/Info.plist;
				IPHONEOS_DEPLOYMENT_TARGET = 14.0;
				LD_RUNPATH_SEARCH_PATHS = (
					"$(inherited)",
					"@executable_path/Frameworks",
				);
				PRODUCT_BUNDLE_IDENTIFIER = com.milestonesys.XProtect.MobileSDKDirectStreamingSample;
				PRODUCT_NAME = "$(TARGET_NAME)";
				SWIFT_OBJC_BRIDGING_HEADER = "";
				SWIFT_VERSION = 5.0;
				TARGETED_DEVICE_FAMILY = "1,2";
			};
			name = Release;
		};
/* End XCBuildConfiguration section */

/* Begin XCConfigurationList section */
		0A217D371FEAA4F10071EABE /* Build configuration list for PBXProject "MobileSDKDirectStreamingSample" */ = {
			isa = XCConfigurationList;
			buildConfigurations = (
				0A217D501FEAA4F10071EABE /* Debug */,
				0A217D511FEAA4F10071EABE /* Release */,
			);
			defaultConfigurationIsVisible = 0;
			defaultConfigurationName = Release;
		};
		0A217D521FEAA4F10071EABE /* Build configuration list for PBXNativeTarget "MobileSDKDirectStreamingSample" */ = {
			isa = XCConfigurationList;
			buildConfigurations = (
				0A217D531FEAA4F10071EABE /* Debug */,
				0A217D541FEAA4F10071EABE /* Release */,
			);
			defaultConfigurationIsVisible = 0;
			defaultConfigurationName = Release;
		};
/* End XCConfigurationList section */
	};
	rootObject = 0A217D341FEAA4F10071EABE /* Project object */;
}
